
Microsoft Visual Studio Solution File, Format Version 12.00
# Visual Studio Version 16
VisualStudioVersion = 16.0.30717.126
MinimumVisualStudioVersion = 10.0.40219.1
Project("{2150E333-8FDC-42A3-9474-1A3956D46DE8}") = "Solution Items", "Solution Items", "{8EB545A6-8FDE-4750-9905-5F29009AA8C2}"
	ProjectSection(SolutionItems) = preProject
		.editorconfig = .editorconfig
		build.ps1 = build.ps1
		README.md = README.md
	EndProjectSection
EndProject
Project("{2150E333-8FDC-42A3-9474-1A3956D46DE8}") = "Build", "Build", "{933A2737-3EE9-4991-92DF-08BF8726B37B}"
EndProject
Project("{9A19103F-16F7-4668-BE54-9A1E7A4F7556}") = "Budget.Build", "Budget.Build\Budget.Build.csproj", "{5FFB05F7-4D19-482E-820C-1CF70F83189D}"
EndProject
Project("{9A19103F-16F7-4668-BE54-9A1E7A4F7556}") = "Budget.Web", "Budget.Web\Budget.Web.csproj", "{7F5B4CDB-5413-4BA9-BA9F-EFB8C4AF123B}"
EndProject
Project("{9A19103F-16F7-4668-BE54-9A1E7A4F7556}") = "Budget.App", "Budget.App\Budget.App.csproj", "{F18A96F1-8EFB-4852-8199-664A924FBB7B}"
EndProject
Project("{9A19103F-16F7-4668-BE54-9A1E7A4F7556}") = "Budget.Shared", "Budget.Shared\Budget.Shared.csproj", "{534024FF-3A2B-4A1F-88B7-E9769F8373DC}"
EndProject
Project("{2150E333-8FDC-42A3-9474-1A3956D46DE8}") = "Source", "Source", "{19E5E500-1786-4B76-B2E9-C544D24B5A81}"
EndProject
Global
	GlobalSection(SolutionConfigurationPlatforms) = preSolution
		Debug|Any CPU = Debug|Any CPU
		Release|Any CPU = Release|Any CPU
	EndGlobalSection
	GlobalSection(ProjectConfigurationPlatforms) = postSolution
		{5FFB05F7-4D19-482E-820C-1CF70F83189D}.Debug|Any CPU.ActiveCfg = Debug|Any CPU
		{5FFB05F7-4D19-482E-820C-1CF70F83189D}.Debug|Any CPU.Build.0 = Debug|Any CPU
		{5FFB05F7-4D19-482E-820C-1CF70F83189D}.Release|Any CPU.ActiveCfg = Release|Any CPU
		{5FFB05F7-4D19-482E-820C-1CF70F83189D}.Release|Any CPU.Build.0 = Release|Any CPU
		{7F5B4CDB-5413-4BA9-BA9F-EFB8C4AF123B}.Debug|Any CPU.ActiveCfg = Debug|Any CPU
		{7F5B4CDB-5413-4BA9-BA9F-EFB8C4AF123B}.Debug|Any CPU.Build.0 = Debug|Any CPU
		{7F5B4CDB-5413-4BA9-BA9F-EFB8C4AF123B}.Release|Any CPU.ActiveCfg = Release|Any CPU
		{7F5B4CDB-5413-4BA9-BA9F-EFB8C4AF123B}.Release|Any CPU.Build.0 = Release|Any CPU
		{F18A96F1-8EFB-4852-8199-664A924FBB7B}.Debug|Any CPU.ActiveCfg = Debug|Any CPU
		{F18A96F1-8EFB-4852-8199-664A924FBB7B}.Debug|Any CPU.Build.0 = Debug|Any CPU
		{F18A96F1-8EFB-4852-8199-664A924FBB7B}.Release|Any CPU.ActiveCfg = Release|Any CPU
		{F18A96F1-8EFB-4852-8199-664A924FBB7B}.Release|Any CPU.Build.0 = Release|Any CPU
		{534024FF-3A2B-4A1F-88B7-E9769F8373DC}.Debug|Any CPU.ActiveCfg = Debug|Any CPU
		{534024FF-3A2B-4A1F-88B7-E9769F8373DC}.Debug|Any CPU.Build.0 = Debug|Any CPU
		{534024FF-3A2B-4A1F-88B7-E9769F8373DC}.Release|Any CPU.ActiveCfg = Release|Any CPU
		{534024FF-3A2B-4A1F-88B7-E9769F8373DC}.Release|Any CPU.Build.0 = Release|Any CPU
	EndGlobalSection
	GlobalSection(SolutionProperties) = preSolution
		HideSolutionNode = FALSE
	EndGlobalSection
	GlobalSection(NestedProjects) = preSolution
		{5FFB05F7-4D19-482E-820C-1CF70F83189D} = {933A2737-3EE9-4991-92DF-08BF8726B37B}
		{534024FF-3A2B-4A1F-88B7-E9769F8373DC} = {19E5E500-1786-4B76-B2E9-C544D24B5A81}
	EndGlobalSection
	GlobalSection(ExtensibilityGlobals) = postSolution
		SolutionGuid = {52248C13-6FCA-4B08-AB65-A5A3D990F379}
	EndGlobalSection
EndGlobal
